<?xml version="1.0" encoding="utf-8"?>
<Project ToolsVersion="4.0" xmlns="http://schemas.microsoft.com/developer/msbuild/2003">
  <ItemGroup>
    <Filter Include="リソース ファイル">
      <UniqueIdentifier>{67DA6AB6-F800-4c08-8B7A-83BB121AAD01}</UniqueIdentifier>
      <Extensions>rc;ico;cur;bmp;dlg;rc2;rct;bin;rgs;gif;jpg;jpeg;jpe;resx;tiff;tif;png;wav;mfcribbon-ms</Extensions>
    </Filter>
    <Filter Include="imgui">
      <UniqueIdentifier>{c89f66e4-902a-4520-9170-47f01f52aabf}</UniqueIdentifier>
    </Filter>
    <Filter Include="MyEngines">
      <UniqueIdentifier>{2c93d9d7-dde6-4ab6-a293-938f762b2bc9}</UniqueIdentifier>
    </Filter>
    <Filter Include="リソース ファイル\shaders">
      <UniqueIdentifier>{ece7677c-d324-478e-a633-f2679e6ee3e4}</UniqueIdentifier>
    </Filter>
    <Filter Include="MyEngines\Base">
      <UniqueIdentifier>{f8948f9d-0421-4a3e-8c58-0c0f26166250}</UniqueIdentifier>
    </Filter>
    <Filter Include="MyEngines\Math">
      <UniqueIdentifier>{5a8cd1e0-c932-4b01-a36a-327bef2ee988}</UniqueIdentifier>
    </Filter>
    <Filter Include="MyEngines\Object">
      <UniqueIdentifier>{c4ef806a-e154-4996-9b01-585cf63af37e}</UniqueIdentifier>
    </Filter>
  </ItemGroup>
  <ItemGroup>
    <ClCompile Include="externals\imgui\imgui.cpp">
      <Filter>imgui</Filter>
    </ClCompile>
    <ClCompile Include="externals\imgui\imgui_demo.cpp">
      <Filter>imgui</Filter>
    </ClCompile>
    <ClCompile Include="externals\imgui\imgui_draw.cpp">
      <Filter>imgui</Filter>
    </ClCompile>
    <ClCompile Include="externals\imgui\imgui_impl_dx12.cpp">
      <Filter>imgui</Filter>
    </ClCompile>
    <ClCompile Include="externals\imgui\imgui_impl_win32.cpp">
      <Filter>imgui</Filter>
    </ClCompile>
    <ClCompile Include="externals\imgui\imgui_tables.cpp">
      <Filter>imgui</Filter>
    </ClCompile>
    <ClCompile Include="externals\imgui\imgui_widgets.cpp">
      <Filter>imgui</Filter>
    </ClCompile>
    <ClCompile Include="main.cpp" />
    <ClCompile Include="Engine\base\CanvasTool.cpp">
      <Filter>MyEngines\Base</Filter>
    </ClCompile>
    <ClCompile Include="Engine\base\DirectXCommon.cpp">
      <Filter>MyEngines\Base</Filter>
    </ClCompile>
    <ClCompile Include="Engine\base\MyEngine.cpp">
      <Filter>MyEngines\Base</Filter>
    </ClCompile>
    <ClCompile Include="Engine\base\MyUtility.cpp">
      <Filter>MyEngines\Base</Filter>
    </ClCompile>
    <ClCompile Include="Engine\base\WinApp.cpp">
      <Filter>MyEngines\Base</Filter>
    </ClCompile>
    <ClCompile Include="Engine\math\Mymath.cpp">
      <Filter>MyEngines\Math</Filter>
    </ClCompile>
    <ClCompile Include="Engine\object\Transform.cpp">
      <Filter>MyEngines\Object</Filter>
    </ClCompile>
    <ClCompile Include="Engine\object\Triangle.cpp">
      <Filter>MyEngines\Object</Filter>
    </ClCompile>
  </ItemGroup>
  <ItemGroup>
    <ClInclude Include="externals\imgui\imconfig.h">
      <Filter>imgui</Filter>
    </ClInclude>
    <ClInclude Include="externals\imgui\imgui.h">
      <Filter>imgui</Filter>
    </ClInclude>
    <ClInclude Include="externals\imgui\imgui_impl_dx12.h">
      <Filter>imgui</Filter>
    </ClInclude>
    <ClInclude Include="externals\imgui\imgui_impl_win32.h">
      <Filter>imgui</Filter>
    </ClInclude>
    <ClInclude Include="externals\imgui\imgui_internal.h">
      <Filter>imgui</Filter>
    </ClInclude>
    <ClInclude Include="externals\imgui\imstb_rectpack.h">
      <Filter>imgui</Filter>
    </ClInclude>
    <ClInclude Include="externals\imgui\imstb_textedit.h">
      <Filter>imgui</Filter>
    </ClInclude>
    <ClInclude Include="externals\imgui\imstb_truetype.h">
      <Filter>imgui</Filter>
    </ClInclude>
    <ClInclude Include="Engine\base\CanvasTool.h">
      <Filter>MyEngines\Base</Filter>
    </ClInclude>
    <ClInclude Include="Engine\base\DirectXCommon.h">
      <Filter>MyEngines\Base</Filter>
    </ClInclude>
    <ClInclude Include="Engine\base\MyConst.h">
      <Filter>MyEngines\Base</Filter>
    </ClInclude>
    <ClInclude Include="Engine\base\MyEngine.h">
      <Filter>MyEngines\Base</Filter>
    </ClInclude>
    <ClInclude Include="Engine\base\MyUtility.h">
      <Filter>MyEngines\Base</Filter>
    </ClInclude>
    <ClInclude Include="Engine\base\WinApp.h">
      <Filter>MyEngines\Base</Filter>
    </ClInclude>
    <ClInclude Include="Engine\math\Matrix3x3.h">
      <Filter>MyEngines\Math</Filter>
    </ClInclude>
    <ClInclude Include="Engine\math\Matrix4x4.h">
      <Filter>MyEngines\Math</Filter>
    </ClInclude>
    <ClInclude Include="Engine\math\Mymath.h">
      <Filter>MyEngines\Math</Filter>
    </ClInclude>
    <ClInclude Include="Engine\math\Vector2.h">
      <Filter>MyEngines\Math</Filter>
    </ClInclude>
    <ClInclude Include="Engine\math\Vector3.h">
      <Filter>MyEngines\Math</Filter>
    </ClInclude>
    <ClInclude Include="Engine\math\Vector4.h">
      <Filter>MyEngines\Math</Filter>
    </ClInclude>
    <ClInclude Include="Engine\object\Transform.h">
      <Filter>MyEngines\Object</Filter>
    </ClInclude>
    <ClInclude Include="Engine\object\Triangle.h">
      <Filter>MyEngines\Object</Filter>
    </ClInclude>
  </ItemGroup>
  <ItemGroup>
    <Text Include="externals\imgui\LICENSE.txt">
      <Filter>imgui</Filter>
    </Text>
  </ItemGroup>
  <ItemGroup>
    <FxCompile Include="resources\shaders\Object3d.PS.hlsl">
      <Filter>リソース ファイル\shaders</Filter>
    </FxCompile>
    <FxCompile Include="resources\shaders\Object3d.VS.hlsl">
      <Filter>リソース ファイル\shaders</Filter>
    </FxCompile>
  </ItemGroup>
  <ItemGroup>
    <None Include="resources\shaders\Object3d.hlsli">
      <Filter>リソース ファイル\shaders</Filter>
    </None>
  </ItemGroup>
</Project>